
Microsoft Visual Studio Solution File, Format Version 12.00
# Visual Studio 15
VisualStudioVersion = 15.0.27703.2042
MinimumVisualStudioVersion = 10.0.40219.1
Project("{FAE04EC0-301F-11D3-BF4B-00C04F79EFBC}") = "Singleton", "DesignPattern\Singleton.csproj", "{9E3E380D-10E8-4FC6-B932-7D7FA209620A}"
EndProject
Project("{FAE04EC0-301F-11D3-BF4B-00C04F79EFBC}") = "SimpleFactory", "SimpleFactory\SimpleFactory.csproj", "{E347C4A8-32C1-4484-8538-F99C2AA6DB52}"
EndProject
Project("{FAE04EC0-301F-11D3-BF4B-00C04F79EFBC}") = "AbstractFactory", "AbstractFactory\AbstractFactory.csproj", "{3CFF183C-1769-4F7E-8F59-B45BF7539A07}"
EndProject
Global
	GlobalSection(SolutionConfigurationPlatforms) = preSolution
		Debug|Any CPU = Debug|Any CPU
		Release|Any CPU = Release|Any CPU
	EndGlobalSection
	GlobalSection(ProjectConfigurationPlatforms) = postSolution
		{9E3E380D-10E8-4FC6-B932-7D7FA209620A}.Debug|Any CPU.ActiveCfg = Debug|Any CPU
		{9E3E380D-10E8-4FC6-B932-7D7FA209620A}.Debug|Any CPU.Build.0 = Debug|Any CPU
		{9E3E380D-10E8-4FC6-B932-7D7FA209620A}.Release|Any CPU.ActiveCfg = Release|Any CPU
		{9E3E380D-10E8-4FC6-B932-7D7FA209620A}.Release|Any CPU.Build.0 = Release|Any CPU
		{E347C4A8-32C1-4484-8538-F99C2AA6DB52}.Debug|Any CPU.ActiveCfg = Debug|Any CPU
		{E347C4A8-32C1-4484-8538-F99C2AA6DB52}.Debug|Any CPU.Build.0 = Debug|Any CPU
		{E347C4A8-32C1-4484-8538-F99C2AA6DB52}.Release|Any CPU.ActiveCfg = Release|Any CPU
		{E347C4A8-32C1-4484-8538-F99C2AA6DB52}.Release|Any CPU.Build.0 = Release|Any CPU
		{3CFF183C-1769-4F7E-8F59-B45BF7539A07}.Debug|Any CPU.ActiveCfg = Debug|Any CPU
		{3CFF183C-1769-4F7E-8F59-B45BF7539A07}.Debug|Any CPU.Build.0 = Debug|Any CPU
		{3CFF183C-1769-4F7E-8F59-B45BF7539A07}.Release|Any CPU.ActiveCfg = Release|Any CPU
		{3CFF183C-1769-4F7E-8F59-B45BF7539A07}.Release|Any CPU.Build.0 = Release|Any CPU
	EndGlobalSection
	GlobalSection(SolutionProperties) = preSolution
		HideSolutionNode = FALSE
	EndGlobalSection
	GlobalSection(ExtensibilityGlobals) = postSolution
		SolutionGuid = {4741A155-B3F8-49DF-81C3-8B2E32601EBD}
	EndGlobalSection
EndGlobal
