
Microsoft Visual Studio Solution File, Format Version 12.00
# Visual Studio 15
VisualStudioVersion = 15.0.27703.2042
MinimumVisualStudioVersion = 10.0.40219.1
Project("{FAE04EC0-301F-11D3-BF4B-00C04F79EFBC}") = "TestWebApi", "BasicLearning\TestWebApi.csproj", "{00B51089-132D-4BAE-9DD4-F693F17865AD}"
EndProject
Project("{FAE04EC0-301F-11D3-BF4B-00C04F79EFBC}") = "TestMongoDB", "TestMongoDB\TestMongoDB.csproj", "{F589AE39-EA5B-4525-9E95-F5CC5F6B3FF4}"
EndProject
Project("{FAE04EC0-301F-11D3-BF4B-00C04F79EFBC}") = "TestAsync", "TestAsyn\TestAsync.csproj", "{B4F83F87-A1FD-4D7E-A77A-1524087FEDEA}"
EndProject
Project("{FAE04EC0-301F-11D3-BF4B-00C04F79EFBC}") = "TestAsync20180905", "TestAsync20180905\TestAsync20180905.csproj", "{4AE3E4B7-77CE-4C0B-9CA1-85322C98777E}"
EndProject
Project("{FAE04EC0-301F-11D3-BF4B-00C04F79EFBC}") = "TestWebApi20181008", "TestWebApi20181008\TestWebApi20181008.csproj", "{0D1FE498-0D91-4D97-AF4D-17406A2FE9A9}"
EndProject
Project("{FAE04EC0-301F-11D3-BF4B-00C04F79EFBC}") = "TestIDNum", "TestIDNum\TestIDNum.csproj", "{81110001-04B3-4522-B92B-AC1DB9625B11}"
EndProject
Project("{FAE04EC0-301F-11D3-BF4B-00C04F79EFBC}") = "Test20181026", "Test20181026\Test20181026.csproj", "{D8D362CC-6E00-489A-931D-CA2C0EEFA282}"
EndProject
Project("{FAE04EC0-301F-11D3-BF4B-00C04F79EFBC}") = "Test20181102", "Test20181102\Test20181102.csproj", "{A2806932-B1E2-42E4-AC7B-C84981EAA318}"
EndProject
Project("{FAE04EC0-301F-11D3-BF4B-00C04F79EFBC}") = "TestLockKeyWord", "TestLockKeyWord\TestLockKeyWord.csproj", "{4A700318-9A8A-444F-8948-240829017E6B}"
EndProject
Project("{FAE04EC0-301F-11D3-BF4B-00C04F79EFBC}") = "FibonacciTest", "FibonacciTest\FibonacciTest.csproj", "{29DB5B7E-5199-4761-8D45-936AC1D30949}"
EndProject
Project("{FAE04EC0-301F-11D3-BF4B-00C04F79EFBC}") = "Test20181115", "Test20181115\Test20181115.csproj", "{2AE04D54-24CD-44B2-9024-E103F0CDB5F7}"
EndProject
Project("{FAE04EC0-301F-11D3-BF4B-00C04F79EFBC}") = "QuartzTest20181120", "QuartzTest20181120\QuartzTest20181120.csproj", "{8DC5DB53-455D-4ABF-A183-E0AA89809702}"
EndProject
Project("{FAE04EC0-301F-11D3-BF4B-00C04F79EFBC}") = "TestEPPlus", "TestEPPlus\TestEPPlus.csproj", "{095C61E4-2BEC-4E6B-885F-2D5B8758F4FA}"
EndProject
Project("{FAE04EC0-301F-11D3-BF4B-00C04F79EFBC}") = "FactorialTest", "FactorialTest\FactorialTest.csproj", "{448058BA-E9EF-46EB-989C-A3250E3BBA57}"
EndProject
Global
	GlobalSection(SolutionConfigurationPlatforms) = preSolution
		Debug|Any CPU = Debug|Any CPU
		Release|Any CPU = Release|Any CPU
	EndGlobalSection
	GlobalSection(ProjectConfigurationPlatforms) = postSolution
		{00B51089-132D-4BAE-9DD4-F693F17865AD}.Debug|Any CPU.ActiveCfg = Debug|Any CPU
		{00B51089-132D-4BAE-9DD4-F693F17865AD}.Debug|Any CPU.Build.0 = Debug|Any CPU
		{00B51089-132D-4BAE-9DD4-F693F17865AD}.Release|Any CPU.ActiveCfg = Release|Any CPU
		{00B51089-132D-4BAE-9DD4-F693F17865AD}.Release|Any CPU.Build.0 = Release|Any CPU
		{F589AE39-EA5B-4525-9E95-F5CC5F6B3FF4}.Debug|Any CPU.ActiveCfg = Debug|Any CPU
		{F589AE39-EA5B-4525-9E95-F5CC5F6B3FF4}.Debug|Any CPU.Build.0 = Debug|Any CPU
		{F589AE39-EA5B-4525-9E95-F5CC5F6B3FF4}.Release|Any CPU.ActiveCfg = Release|Any CPU
		{F589AE39-EA5B-4525-9E95-F5CC5F6B3FF4}.Release|Any CPU.Build.0 = Release|Any CPU
		{B4F83F87-A1FD-4D7E-A77A-1524087FEDEA}.Debug|Any CPU.ActiveCfg = Debug|Any CPU
		{B4F83F87-A1FD-4D7E-A77A-1524087FEDEA}.Debug|Any CPU.Build.0 = Debug|Any CPU
		{B4F83F87-A1FD-4D7E-A77A-1524087FEDEA}.Release|Any CPU.ActiveCfg = Release|Any CPU
		{B4F83F87-A1FD-4D7E-A77A-1524087FEDEA}.Release|Any CPU.Build.0 = Release|Any CPU
		{4AE3E4B7-77CE-4C0B-9CA1-85322C98777E}.Debug|Any CPU.ActiveCfg = Debug|Any CPU
		{4AE3E4B7-77CE-4C0B-9CA1-85322C98777E}.Debug|Any CPU.Build.0 = Debug|Any CPU
		{4AE3E4B7-77CE-4C0B-9CA1-85322C98777E}.Release|Any CPU.ActiveCfg = Release|Any CPU
		{4AE3E4B7-77CE-4C0B-9CA1-85322C98777E}.Release|Any CPU.Build.0 = Release|Any CPU
		{0D1FE498-0D91-4D97-AF4D-17406A2FE9A9}.Debug|Any CPU.ActiveCfg = Debug|Any CPU
		{0D1FE498-0D91-4D97-AF4D-17406A2FE9A9}.Debug|Any CPU.Build.0 = Debug|Any CPU
		{0D1FE498-0D91-4D97-AF4D-17406A2FE9A9}.Release|Any CPU.ActiveCfg = Release|Any CPU
		{0D1FE498-0D91-4D97-AF4D-17406A2FE9A9}.Release|Any CPU.Build.0 = Release|Any CPU
		{81110001-04B3-4522-B92B-AC1DB9625B11}.Debug|Any CPU.ActiveCfg = Debug|Any CPU
		{81110001-04B3-4522-B92B-AC1DB9625B11}.Debug|Any CPU.Build.0 = Debug|Any CPU
		{81110001-04B3-4522-B92B-AC1DB9625B11}.Release|Any CPU.ActiveCfg = Release|Any CPU
		{81110001-04B3-4522-B92B-AC1DB9625B11}.Release|Any CPU.Build.0 = Release|Any CPU
		{D8D362CC-6E00-489A-931D-CA2C0EEFA282}.Debug|Any CPU.ActiveCfg = Debug|Any CPU
		{D8D362CC-6E00-489A-931D-CA2C0EEFA282}.Debug|Any CPU.Build.0 = Debug|Any CPU
		{D8D362CC-6E00-489A-931D-CA2C0EEFA282}.Release|Any CPU.ActiveCfg = Release|Any CPU
		{D8D362CC-6E00-489A-931D-CA2C0EEFA282}.Release|Any CPU.Build.0 = Release|Any CPU
		{A2806932-B1E2-42E4-AC7B-C84981EAA318}.Debug|Any CPU.ActiveCfg = Debug|Any CPU
		{A2806932-B1E2-42E4-AC7B-C84981EAA318}.Debug|Any CPU.Build.0 = Debug|Any CPU
		{A2806932-B1E2-42E4-AC7B-C84981EAA318}.Release|Any CPU.ActiveCfg = Release|Any CPU
		{A2806932-B1E2-42E4-AC7B-C84981EAA318}.Release|Any CPU.Build.0 = Release|Any CPU
		{4A700318-9A8A-444F-8948-240829017E6B}.Debug|Any CPU.ActiveCfg = Debug|Any CPU
		{4A700318-9A8A-444F-8948-240829017E6B}.Debug|Any CPU.Build.0 = Debug|Any CPU
		{4A700318-9A8A-444F-8948-240829017E6B}.Release|Any CPU.ActiveCfg = Release|Any CPU
		{4A700318-9A8A-444F-8948-240829017E6B}.Release|Any CPU.Build.0 = Release|Any CPU
		{29DB5B7E-5199-4761-8D45-936AC1D30949}.Debug|Any CPU.ActiveCfg = Debug|Any CPU
		{29DB5B7E-5199-4761-8D45-936AC1D30949}.Debug|Any CPU.Build.0 = Debug|Any CPU
		{29DB5B7E-5199-4761-8D45-936AC1D30949}.Release|Any CPU.ActiveCfg = Release|Any CPU
		{29DB5B7E-5199-4761-8D45-936AC1D30949}.Release|Any CPU.Build.0 = Release|Any CPU
		{2AE04D54-24CD-44B2-9024-E103F0CDB5F7}.Debug|Any CPU.ActiveCfg = Debug|Any CPU
		{2AE04D54-24CD-44B2-9024-E103F0CDB5F7}.Debug|Any CPU.Build.0 = Debug|Any CPU
		{2AE04D54-24CD-44B2-9024-E103F0CDB5F7}.Release|Any CPU.ActiveCfg = Release|Any CPU
		{2AE04D54-24CD-44B2-9024-E103F0CDB5F7}.Release|Any CPU.Build.0 = Release|Any CPU
		{8DC5DB53-455D-4ABF-A183-E0AA89809702}.Debug|Any CPU.ActiveCfg = Debug|Any CPU
		{8DC5DB53-455D-4ABF-A183-E0AA89809702}.Debug|Any CPU.Build.0 = Debug|Any CPU
		{8DC5DB53-455D-4ABF-A183-E0AA89809702}.Release|Any CPU.ActiveCfg = Release|Any CPU
		{8DC5DB53-455D-4ABF-A183-E0AA89809702}.Release|Any CPU.Build.0 = Release|Any CPU
		{095C61E4-2BEC-4E6B-885F-2D5B8758F4FA}.Debug|Any CPU.ActiveCfg = Debug|Any CPU
		{095C61E4-2BEC-4E6B-885F-2D5B8758F4FA}.Debug|Any CPU.Build.0 = Debug|Any CPU
		{095C61E4-2BEC-4E6B-885F-2D5B8758F4FA}.Release|Any CPU.ActiveCfg = Release|Any CPU
		{095C61E4-2BEC-4E6B-885F-2D5B8758F4FA}.Release|Any CPU.Build.0 = Release|Any CPU
		{448058BA-E9EF-46EB-989C-A3250E3BBA57}.Debug|Any CPU.ActiveCfg = Debug|Any CPU
		{448058BA-E9EF-46EB-989C-A3250E3BBA57}.Debug|Any CPU.Build.0 = Debug|Any CPU
		{448058BA-E9EF-46EB-989C-A3250E3BBA57}.Release|Any CPU.ActiveCfg = Release|Any CPU
		{448058BA-E9EF-46EB-989C-A3250E3BBA57}.Release|Any CPU.Build.0 = Release|Any CPU
	EndGlobalSection
	GlobalSection(SolutionProperties) = preSolution
		HideSolutionNode = FALSE
	EndGlobalSection
	GlobalSection(ExtensibilityGlobals) = postSolution
		SolutionGuid = {7CCB3A9D-269A-45A3-B4B3-436925F3A151}
	EndGlobalSection
EndGlobal
